
Microsoft Visual Studio Solution File, Format Version 9.00
# Visual Studio 2005
Project("{FAE04EC0-301F-11D3-BF4B-00C04F79EFBC}") = "wyUpdate", "wyUpdate.csproj", "{112E58AE-A26F-4787-9A8D-9CA461C7749E}"
EndProject
Project("{FAE04EC0-301F-11D3-BF4B-00C04F79EFBC}") = "wyUpdateTests", "wyUpdateTests\wyUpdateTests.csproj", "{3851C243-6C56-4EED-8565-6FA730A7D250}"
EndProject
Project("{2150E333-8FDC-42A3-9474-1A3956D46DE8}") = "Solution Items", "Solution Items", "{B7BFA05A-15D3-48D9-AAD6-5A34E35314BD}"
	ProjectSection(SolutionItems) = preProject
		LocalTestRun.testrunconfig = LocalTestRun.testrunconfig
		wyUpdate.vsmdi = wyUpdate.vsmdi
	EndProjectSection
EndProject
Global
	GlobalSection(TestCaseManagementSettings) = postSolution
		CategoryFile = wyUpdate.vsmdi
	EndGlobalSection
	GlobalSection(SolutionConfigurationPlatforms) = preSolution
		Debug|Any CPU = Debug|Any CPU
		Release|Any CPU = Release|Any CPU
	EndGlobalSection
	GlobalSection(ProjectConfigurationPlatforms) = postSolution
		{112E58AE-A26F-4787-9A8D-9CA461C7749E}.Debug|Any CPU.ActiveCfg = Debug|Any CPU
		{112E58AE-A26F-4787-9A8D-9CA461C7749E}.Debug|Any CPU.Build.0 = Debug|Any CPU
		{112E58AE-A26F-4787-9A8D-9CA461C7749E}.Release|Any CPU.ActiveCfg = Release|Any CPU
		{112E58AE-A26F-4787-9A8D-9CA461C7749E}.Release|Any CPU.Build.0 = Release|Any CPU
		{3851C243-6C56-4EED-8565-6FA730A7D250}.Debug|Any CPU.ActiveCfg = Debug|Any CPU
		{3851C243-6C56-4EED-8565-6FA730A7D250}.Debug|Any CPU.Build.0 = Debug|Any CPU
		{3851C243-6C56-4EED-8565-6FA730A7D250}.Release|Any CPU.ActiveCfg = Release|Any CPU
		{3851C243-6C56-4EED-8565-6FA730A7D250}.Release|Any CPU.Build.0 = Release|Any CPU
	EndGlobalSection
	GlobalSection(SolutionProperties) = preSolution
		HideSolutionNode = FALSE
	EndGlobalSection
	GlobalSection(ExtensibilityGlobals) = postSolution
		VisualSVNWorkingCopyRoot = .
	EndGlobalSection
EndGlobal
